
Microsoft Visual Studio Solution File, Format Version 12.00
# Visual Studio Version 17
VisualStudioVersion = 17.13.35931.197 d17.13
MinimumVisualStudioVersion = 10.0.40219.1
Project("{8BC9CEB8-8B4A-11D0-8D11-00A0C91BC942}") = "ConsoleApplication2", "ConsoleApplication2\ConsoleApplication2.vcxproj", "{3F29E238-4C6A-4BAB-BBFB-AA1D3EAC3F57}"
EndProject
Global
	GlobalSection(SolutionConfigurationPlatforms) = preSolution
		Debug|x64 = Debug|x64
		Debug|x86 = Debug|x86
		Release|x64 = Release|x64
		Release|x86 = Release|x86
	EndGlobalSection
	GlobalSection(ProjectConfigurationPlatforms) = postSolution
		{3F29E238-4C6A-4BAB-BBFB-AA1D3EAC3F57}.Debug|x64.ActiveCfg = Debug|x64
		{3F29E238-4C6A-4BAB-BBFB-AA1D3EAC3F57}.Debug|x64.Build.0 = Debug|x64
		{3F29E238-4C6A-4BAB-BBFB-AA1D3EAC3F57}.Debug|x86.ActiveCfg = Debug|Win32
		{3F29E238-4C6A-4BAB-BBFB-AA1D3EAC3F57}.Debug|x86.Build.0 = Debug|Win32
		{3F29E238-4C6A-4BAB-BBFB-AA1D3EAC3F57}.Release|x64.ActiveCfg = Release|x64
		{3F29E238-4C6A-4BAB-BBFB-AA1D3EAC3F57}.Release|x64.Build.0 = Release|x64
		{3F29E238-4C6A-4BAB-BBFB-AA1D3EAC3F57}.Release|x86.ActiveCfg = Release|Win32
		{3F29E238-4C6A-4BAB-BBFB-AA1D3EAC3F57}.Release|x86.Build.0 = Release|Win32
	EndGlobalSection
	GlobalSection(SolutionProperties) = preSolution
		HideSolutionNode = FALSE
	EndGlobalSection
	GlobalSection(ExtensibilityGlobals) = postSolution
		SolutionGuid = {6713137E-FB28-46F7-9313-7C1F97C50B76}
	EndGlobalSection
EndGlobal
